
Microsoft Visual Studio Solution File, Format Version 12.00
# Visual Studio Version 16
VisualStudioVersion = 16.0.31729.503
MinimumVisualStudioVersion = 10.0.40219.1
Project("{FAE04EC0-301F-11D3-BF4B-00C04F79EFBC}") = "MoodAnalyzerUC1", "MoodAnalyzerUC1.csproj", "{E31F1F95-69DB-4E75-B18B-0037E5D13AA6}"
EndProject
Global
	GlobalSection(SolutionConfigurationPlatforms) = preSolution
		Debug|Any CPU = Debug|Any CPU
		Release|Any CPU = Release|Any CPU
	EndGlobalSection
	GlobalSection(ProjectConfigurationPlatforms) = postSolution
		{E31F1F95-69DB-4E75-B18B-0037E5D13AA6}.Debug|Any CPU.ActiveCfg = Debug|Any CPU
		{E31F1F95-69DB-4E75-B18B-0037E5D13AA6}.Debug|Any CPU.Build.0 = Debug|Any CPU
		{E31F1F95-69DB-4E75-B18B-0037E5D13AA6}.Release|Any CPU.ActiveCfg = Release|Any CPU
		{E31F1F95-69DB-4E75-B18B-0037E5D13AA6}.Release|Any CPU.Build.0 = Release|Any CPU
	EndGlobalSection
	GlobalSection(SolutionProperties) = preSolution
		HideSolutionNode = FALSE
	EndGlobalSection
	GlobalSection(ExtensibilityGlobals) = postSolution
		SolutionGuid = {83EF7ED1-1D64-49E8-9846-95D3CB547B73}
	EndGlobalSection
EndGlobal
